// !$*UTF8*$!
{
	archiveVersion = 1;
	classes = {
	};
	objectVersion = 52;
	objects = {

/* Begin PBXBuildFile section */
		32BD384425D5515500348FB0 /* AppDelegate.swift in Sources */ = {isa = PBXBuildFile; fileRef = 32BD384325D5515500348FB0 /* AppDelegate.swift */; };
		32BD384625D5515500348FB0 /* ViewController.swift in Sources */ = {isa = PBXBuildFile; fileRef = 32BD384525D5515500348FB0 /* ViewController.swift */; };
		32BD384825D5515600348FB0 /* Assets.xcassets in Resources */ = {isa = PBXBuildFile; fileRef = 32BD384725D5515600348FB0 /* Assets.xcassets */; };
		32BD384B25D5515600348FB0 /* Main.storyboard in Resources */ = {isa = PBXBuildFile; fileRef = 32BD384925D5515600348FB0 /* Main.storyboard */; };
		32BD385625D5774E00348FB0 /* ShellOut in Frameworks */ = {isa = PBXBuildFile; productRef = 32BD385525D5774E00348FB0 /* ShellOut */; };
		32BD38A425D5934C00348FB0 /* E-IMZO.zip in Resources */ = {isa = PBXBuildFile; fileRef = 32BD38A325D5934C00348FB0 /* E-IMZO.zip */; };
/* End PBXBuildFile section */

/* Begin PBXFileReference section */
		32BD384025D5515500348FB0 /* e-imzo.app */ = {isa = PBXFileReference; explicitFileType = wrapper.application; includeInIndex = 0; path = "e-imzo.app"; sourceTree = BUILT_PRODUCTS_DIR; };
		32BD384325D5515500348FB0 /* AppDelegate.swift */ = {isa = PBXFileReference; lastKnownFileType = sourcecode.swift; path = AppDelegate.swift; sourceTree = "<group>"; };
		32BD384525D5515500348FB0 /* ViewController.swift */ = {isa = PBXFileReference; lastKnownFileType = sourcecode.swift; path = ViewController.swift; sourceTree = "<group>"; };
		32BD384725D5515600348FB0 /* Assets.xcassets */ = {isa = PBXFileReference; lastKnownFileType = folder.assetcatalog; path = Assets.xcassets; sourceTree = "<group>"; };
		32BD384A25D5515600348FB0 /* Base */ = {isa = PBXFileReference; lastKnownFileType = file.storyboard; name = Base; path = Base.lproj/Main.storyboard; sourceTree = "<group>"; };
		32BD384C25D5515600348FB0 /* Info.plist */ = {isa = PBXFileReference; lastKnownFileType = text.plist.xml; path = Info.plist; sourceTree = "<group>"; };
		32BD384D25D5515600348FB0 /* e_imzo.entitlements */ = {isa = PBXFileReference; lastKnownFileType = text.plist.entitlements; path = e_imzo.entitlements; sourceTree = "<group>"; };
		32BD38A325D5934C00348FB0 /* E-IMZO.zip */ = {isa = PBXFileReference; lastKnownFileType = archive.zip; path = "E-IMZO.zip"; sourceTree = "<group>"; };
/* End PBXFileReference section */

/* Begin PBXFrameworksBuildPhase section */
		32BD383D25D5515500348FB0 /* Frameworks */ = {
			isa = PBXFrameworksBuildPhase;
			buildActionMask = 2147483647;
			files = (
				32BD385625D5774E00348FB0 /* ShellOut in Frameworks */,
			);
			runOnlyForDeploymentPostprocessing = 0;
		};
/* End PBXFrameworksBuildPhase section */

/* Begin PBXGroup section */
		32BD383725D5515500348FB0 = {
			isa = PBXGroup;
			children = (
				32BD384225D5515500348FB0 /* e-imzo */,
				32BD384125D5515500348FB0 /* Products */,
			);
			sourceTree = "<group>";
		};
		32BD384125D5515500348FB0 /* Products */ = {
			isa = PBXGroup;
			children = (
				32BD384025D5515500348FB0 /* e-imzo.app */,
			);
			name = Products;
			sourceTree = "<group>";
		};
		32BD384225D5515500348FB0 /* e-imzo */ = {
			isa = PBXGroup;
			children = (
				32BD38A325D5934C00348FB0 /* E-IMZO.zip */,
				32BD384325D5515500348FB0 /* AppDelegate.swift */,
				32BD384525D5515500348FB0 /* ViewController.swift */,
				32BD384725D5515600348FB0 /* Assets.xcassets */,
				32BD384925D5515600348FB0 /* Main.storyboard */,
				32BD384C25D5515600348FB0 /* Info.plist */,
				32BD384D25D5515600348FB0 /* e_imzo.entitlements */,
			);
			path = "e-imzo";
			sourceTree = "<group>";
		};
/* End PBXGroup section */

/* Begin PBXNativeTarget section */
		32BD383F25D5515500348FB0 /* e-imzo */ = {
			isa = PBXNativeTarget;
			buildConfigurationList = 32BD385025D5515600348FB0 /* Build configuration list for PBXNativeTarget "e-imzo" */;
			buildPhases = (
				32BD383C25D5515500348FB0 /* Sources */,
				32BD383D25D5515500348FB0 /* Frameworks */,
				32BD383E25D5515500348FB0 /* Resources */,
			);
			buildRules = (
			);
			dependencies = (
			);
			name = "e-imzo";
			packageProductDependencies = (
				32BD385525D5774E00348FB0 /* ShellOut */,
			);
			productName = "e-imzo";
			productReference = 32BD384025D5515500348FB0 /* e-imzo.app */;
			productType = "com.apple.product-type.application";
		};
/* End PBXNativeTarget section */

/* Begin PBXProject section */
		32BD383825D5515500348FB0 /* Project object */ = {
			isa = PBXProject;
			attributes = {
				LastSwiftUpdateCheck = 1240;
				LastUpgradeCheck = 1240;
				TargetAttributes = {
					32BD383F25D5515500348FB0 = {
						CreatedOnToolsVersion = 12.4;
					};
				};
			};
			buildConfigurationList = 32BD383B25D5515500348FB0 /* Build configuration list for PBXProject "e-imzo" */;
			compatibilityVersion = "Xcode 9.3";
			developmentRegion = en;
			hasScannedForEncodings = 0;
			knownRegions = (
				en,
				Base,
			);
			mainGroup = 32BD383725D5515500348FB0;
			packageReferences = (
				32BD385425D5774E00348FB0 /* XCRemoteSwiftPackageReference "ShellOut" */,
			);
			productRefGroup = 32BD384125D5515500348FB0 /* Products */;
			projectDirPath = "";
			projectRoot = "";
			targets = (
				32BD383F25D5515500348FB0 /* e-imzo */,
			);
		};
/* End PBXProject section */

/* Begin PBXResourcesBuildPhase section */
		32BD383E25D5515500348FB0 /* Resources */ = {
			isa = PBXResourcesBuildPhase;
			buildActionMask = 2147483647;
			files = (
				32BD384825D5515600348FB0 /* Assets.xcassets in Resources */,
				32BD38A425D5934C00348FB0 /* E-IMZO.zip in Resources */,
				32BD384B25D5515600348FB0 /* Main.storyboard in Resources */,
			);
			runOnlyForDeploymentPostprocessing = 0;
		};
/* End PBXResourcesBuildPhase section */

/* Begin PBXSourcesBuildPhase section */
		32BD383C25D5515500348FB0 /* Sources */ = {
			isa = PBXSourcesBuildPhase;
			buildActionMask = 2147483647;
			files = (
				32BD384625D5515500348FB0 /* ViewController.swift in Sources */,
				32BD384425D5515500348FB0 /* AppDelegate.swift in Sources */,
			);
			runOnlyForDeploymentPostprocessing = 0;
		};
/* End PBXSourcesBuildPhase section */

/* Begin PBXVariantGroup section */
		32BD384925D5515600348FB0 /* Main.storyboard */ = {
			isa = PBXVariantGroup;
			children = (
				32BD384A25D5515600348FB0 /* Base */,
			);
			name = Main.storyboard;
			sourceTree = "<group>";
		};
/* End PBXVariantGroup section */

/* Begin XCBuildConfiguration section */
		32BD384E25D5515600348FB0 /* Debug */ = {
			isa = XCBuildConfiguration;
			buildSettings = {
				ALWAYS_SEARCH_USER_PATHS = NO;
				CLANG_ANALYZER_NONNULL = YES;
				CLANG_ANALYZER_NUMBER_OBJECT_CONVERSION = YES_AGGRESSIVE;
				CLANG_CXX_LANGUAGE_STANDARD = "gnu++14";
				CLANG_CXX_LIBRARY = "libc++";
				CLANG_ENABLE_MODULES = YES;
				CLANG_ENABLE_OBJC_ARC = YES;
				CLANG_ENABLE_OBJC_WEAK = YES;
				CLANG_WARN_BLOCK_CAPTURE_AUTORELEASING = YES;
				CLANG_WARN_BOOL_CONVERSION = YES;
				CLANG_WARN_COMMA = YES;
				CLANG_WARN_CONSTANT_CONVERSION = YES;
				CLANG_WARN_DEPRECATED_OBJC_IMPLEMENTATIONS = YES;
				CLANG_WARN_DIRECT_OBJC_ISA_USAGE = YES_ERROR;
				CLANG_WARN_DOCUMENTATION_COMMENTS = YES;
				CLANG_WARN_EMPTY_BODY = YES;
				CLANG_WARN_ENUM_CONVERSION = YES;
				CLANG_WARN_INFINITE_RECURSION = YES;
				CLANG_WARN_INT_CONVERSION = YES;
				CLANG_WARN_NON_LITERAL_NULL_CONVERSION = YES;
				CLANG_WARN_OBJC_IMPLICIT_RETAIN_SELF = YES;
				CLANG_WARN_OBJC_LITERAL_CONVERSION = YES;
				CLANG_WARN_OBJC_ROOT_CLASS = YES_ERROR;
				CLANG_WARN_QUOTED_INCLUDE_IN_FRAMEWORK_HEADER = YES;
				CLANG_WARN_RANGE_LOOP_ANALYSIS = YES;
				CLANG_WARN_STRICT_PROTOTYPES = YES;
				CLANG_WARN_SUSPICIOUS_MOVE = YES;
				CLANG_WARN_UNGUARDED_AVAILABILITY = YES_AGGRESSIVE;
				CLANG_WARN_UNREACHABLE_CODE = YES;
				CLANG_WARN__DUPLICATE_METHOD_MATCH = YES;
				COPY_PHASE_STRIP = NO;
				DEBUG_INFORMATION_FORMAT = dwarf;
				ENABLE_STRICT_OBJC_MSGSEND = YES;
				ENABLE_TESTABILITY = YES;
				GCC_C_LANGUAGE_STANDARD = gnu11;
				GCC_DYNAMIC_NO_PIC = NO;
				GCC_NO_COMMON_BLOCKS = YES;
				GCC_OPTIMIZATION_LEVEL = 0;
				GCC_PREPROCESSOR_DEFINITIONS = (
					"DEBUG=1",
					"$(inherited)",
				);
				GCC_WARN_64_TO_32_BIT_CONVERSION = YES;
				GCC_WARN_ABOUT_RETURN_TYPE = YES_ERROR;
				GCC_WARN_UNDECLARED_SELECTOR = YES;
				GCC_WARN_UNINITIALIZED_AUTOS = YES_AGGRESSIVE;
				GCC_WARN_UNUSED_FUNCTION = YES;
				GCC_WARN_UNUSED_VARIABLE = YES;
				MACOSX_DEPLOYMENT_TARGET = 11.1;
				MTL_ENABLE_DEBUG_INFO = INCLUDE_SOURCE;
				MTL_FAST_MATH = YES;
				ONLY_ACTIVE_ARCH = YES;
				SDKROOT = macosx;
				SWIFT_ACTIVE_COMPILATION_CONDITIONS = DEBUG;
				SWIFT_OPTIMIZATION_LEVEL = "-Onone";
			};
			name = Debug;
		};
		32BD384F25D5515600348FB0 /* Release */ = {
			isa = XCBuildConfiguration;
			buildSettings = {
				ALWAYS_SEARCH_USER_PATHS = NO;
				CLANG_ANALYZER_NONNULL = YES;
				CLANG_ANALYZER_NUMBER_OBJECT_CONVERSION = YES_AGGRESSIVE;
				CLANG_CXX_LANGUAGE_STANDARD = "gnu++14";
				CLANG_CXX_LIBRARY = "libc++";
				CLANG_ENABLE_MODULES = YES;
				CLANG_ENABLE_OBJC_ARC = YES;
				CLANG_ENABLE_OBJC_WEAK = YES;
				CLANG_WARN_BLOCK_CAPTURE_AUTORELEASING = YES;
				CLANG_WARN_BOOL_CONVERSION = YES;
				CLANG_WARN_COMMA = YES;
				CLANG_WARN_CONSTANT_CONVERSION = YES;
				CLANG_WARN_DEPRECATED_OBJC_IMPLEMENTATIONS = YES;
				CLANG_WARN_DIRECT_OBJC_ISA_USAGE = YES_ERROR;
				CLANG_WARN_DOCUMENTATION_COMMENTS = YES;
				CLANG_WARN_EMPTY_BODY = YES;
				CLANG_WARN_ENUM_CONVERSION = YES;
				CLANG_WARN_INFINITE_RECURSION = YES;
				CLANG_WARN_INT_CONVERSION = YES;
				CLANG_WARN_NON_LITERAL_NULL_CONVERSION = YES;
				CLANG_WARN_OBJC_IMPLICIT_RETAIN_SELF = YES;
				CLANG_WARN_OBJC_LITERAL_CONVERSION = YES;
				CLANG_WARN_OBJC_ROOT_CLASS = YES_ERROR;
				CLANG_WARN_QUOTED_INCLUDE_IN_FRAMEWORK_HEADER = YES;
				CLANG_WARN_RANGE_LOOP_ANALYSIS = YES;
				CLANG_WARN_STRICT_PROTOTYPES = YES;
				CLANG_WARN_SUSPICIOUS_MOVE = YES;
				CLANG_WARN_UNGUARDED_AVAILABILITY = YES_AGGRESSIVE;
				CLANG_WARN_UNREACHABLE_CODE = YES;
				CLANG_WARN__DUPLICATE_METHOD_MATCH = YES;
				COPY_PHASE_STRIP = NO;
				DEBUG_INFORMATION_FORMAT = "dwarf-with-dsym";
				ENABLE_NS_ASSERTIONS = NO;
				ENABLE_STRICT_OBJC_MSGSEND = YES;
				GCC_C_LANGUAGE_STANDARD = gnu11;
				GCC_NO_COMMON_BLOCKS = YES;
				GCC_WARN_64_TO_32_BIT_CONVERSION = YES;
				GCC_WARN_ABOUT_RETURN_TYPE = YES_ERROR;
				GCC_WARN_UNDECLARED_SELECTOR = YES;
				GCC_WARN_UNINITIALIZED_AUTOS = YES_AGGRESSIVE;
				GCC_WARN_UNUSED_FUNCTION = YES;
				GCC_WARN_UNUSED_VARIABLE = YES;
				MACOSX_DEPLOYMENT_TARGET = 11.1;
				MTL_ENABLE_DEBUG_INFO = NO;
				MTL_FAST_MATH = YES;
				SDKROOT = macosx;
				SWIFT_COMPILATION_MODE = wholemodule;
				SWIFT_OPTIMIZATION_LEVEL = "-O";
			};
			name = Release;
		};
		32BD385125D5515600348FB0 /* Debug */ = {
			isa = XCBuildConfiguration;
			buildSettings = {
				ASSETCATALOG_COMPILER_APPICON_NAME = AppIcon;
				ASSETCATALOG_COMPILER_GLOBAL_ACCENT_COLOR_NAME = AccentColor;
				CODE_SIGN_ENTITLEMENTS = "e-imzo/e_imzo.entitlements";
				CODE_SIGN_STYLE = Automatic;
				COMBINE_HIDPI_IMAGES = YES;
				DEVELOPMENT_TEAM = 7A9V4SQ8LR;
				ENABLE_HARDENED_RUNTIME = YES;
				INFOPLIST_FILE = "e-imzo/Info.plist";
				LD_RUNPATH_SEARCH_PATHS = (
					"$(inherited)",
					"@executable_path/../Frameworks",
				);
				PRODUCT_BUNDLE_IDENTIFIER = "com.jakhongir.e-imzo";
				PRODUCT_NAME = "$(TARGET_NAME)";
				SWIFT_VERSION = 5.0;
			};
			name = Debug;
		};
		32BD385225D5515600348FB0 /* Release */ = {
			isa = XCBuildConfiguration;
			buildSettings = {
				ASSETCATALOG_COMPILER_APPICON_NAME = AppIcon;
				ASSETCATALOG_COMPILER_GLOBAL_ACCENT_COLOR_NAME = AccentColor;
				CODE_SIGN_ENTITLEMENTS = "e-imzo/e_imzo.entitlements";
				CODE_SIGN_STYLE = Automatic;
				COMBINE_HIDPI_IMAGES = YES;
				DEVELOPMENT_TEAM = 7A9V4SQ8LR;
				ENABLE_HARDENED_RUNTIME = YES;
				INFOPLIST_FILE = "e-imzo/Info.plist";
				LD_RUNPATH_SEARCH_PATHS = (
					"$(inherited)",
					"@executable_path/../Frameworks",
				);
				PRODUCT_BUNDLE_IDENTIFIER = "com.jakhongir.e-imzo";
				PRODUCT_NAME = "$(TARGET_NAME)";
				SWIFT_VERSION = 5.0;
			};
			name = Release;
		};
/* End XCBuildConfiguration section */

/* Begin XCConfigurationList section */
		32BD383B25D5515500348FB0 /* Build configuration list for PBXProject "e-imzo" */ = {
			isa = XCConfigurationList;
			buildConfigurations = (
				32BD384E25D5515600348FB0 /* Debug */,
				32BD384F25D5515600348FB0 /* Release */,
			);
			defaultConfigurationIsVisible = 0;
			defaultConfigurationName = Release;
		};
		32BD385025D5515600348FB0 /* Build configuration list for PBXNativeTarget "e-imzo" */ = {
			isa = XCConfigurationList;
			buildConfigurations = (
				32BD385125D5515600348FB0 /* Debug */,
				32BD385225D5515600348FB0 /* Release */,
			);
			defaultConfigurationIsVisible = 0;
			defaultConfigurationName = Release;
		};
/* End XCConfigurationList section */

/* Begin XCRemoteSwiftPackageReference section */
		32BD385425D5774E00348FB0 /* XCRemoteSwiftPackageReference "ShellOut" */ = {
			isa = XCRemoteSwiftPackageReference;
			repositoryURL = "https://github.com/JohnSundell/ShellOut.git";
			requirement = {
				kind = upToNextMajorVersion;
				minimumVersion = 2.3.0;
			};
		};
/* End XCRemoteSwiftPackageReference section */

/* Begin XCSwiftPackageProductDependency section */
		32BD385525D5774E00348FB0 /* ShellOut */ = {
			isa = XCSwiftPackageProductDependency;
			package = 32BD385425D5774E00348FB0 /* XCRemoteSwiftPackageReference "ShellOut" */;
			productName = ShellOut;
		};
/* End XCSwiftPackageProductDependency section */
	};
	rootObject = 32BD383825D5515500348FB0 /* Project object */;
}
